
Microsoft Visual Studio Solution File, Format Version 12.00
# Visual Studio 15
VisualStudioVersion = 15.0.27004.2005
MinimumVisualStudioVersion = 10.0.40219.1
Project("{FAE04EC0-301F-11D3-BF4B-00C04F79EFBC}") = "UrbanTraffic", "UrbanTraffic\UrbanTraffic.csproj", "{059C5527-587D-4D7F-BF9E-1E12B5933C25}"
EndProject
Global
	GlobalSection(SolutionConfigurationPlatforms) = preSolution
		Debug|Any CPU = Debug|Any CPU
		Release|Any CPU = Release|Any CPU
	EndGlobalSection
	GlobalSection(ProjectConfigurationPlatforms) = postSolution
		{059C5527-587D-4D7F-BF9E-1E12B5933C25}.Debug|Any CPU.ActiveCfg = Debug|Any CPU
		{059C5527-587D-4D7F-BF9E-1E12B5933C25}.Debug|Any CPU.Build.0 = Debug|Any CPU
		{059C5527-587D-4D7F-BF9E-1E12B5933C25}.Release|Any CPU.ActiveCfg = Release|Any CPU
		{059C5527-587D-4D7F-BF9E-1E12B5933C25}.Release|Any CPU.Build.0 = Release|Any CPU
	EndGlobalSection
	GlobalSection(SolutionProperties) = preSolution
		HideSolutionNode = FALSE
	EndGlobalSection
	GlobalSection(ExtensibilityGlobals) = postSolution
		SolutionGuid = {3FFE5F03-307E-44C8-891E-8DCF54AAAAC8}
	EndGlobalSection
EndGlobal
